// !$*UTF8*$!
{
	archiveVersion = 1;
	classes = {
	};
	objectVersion = 48;
	objects = {

/* Begin PBXBuildFile section */
		362DC2F5200C9F7E009740F7 /* AppDelegate.swift in Sources */ = {isa = PBXBuildFile; fileRef = 362DC2F4200C9F7E009740F7 /* AppDelegate.swift */; };
		362DC2F7200C9F7F009740F7 /* ViewController.swift in Sources */ = {isa = PBXBuildFile; fileRef = 362DC2F6200C9F7F009740F7 /* ViewController.swift */; };
		362DC2FA200C9F7F009740F7 /* Main.storyboard in Resources */ = {isa = PBXBuildFile; fileRef = 362DC2F8200C9F7F009740F7 /* Main.storyboard */; };
		362DC2FC200C9F80009740F7 /* Assets.xcassets in Resources */ = {isa = PBXBuildFile; fileRef = 362DC2FB200C9F80009740F7 /* Assets.xcassets */; };
		362DC2FF200C9F80009740F7 /* LaunchScreen.storyboard in Resources */ = {isa = PBXBuildFile; fileRef = 362DC2FD200C9F80009740F7 /* LaunchScreen.storyboard */; };
		362DC30A200C9F81009740F7 /* SwiftUtilTests.swift in Sources */ = {isa = PBXBuildFile; fileRef = 362DC309200C9F81009740F7 /* SwiftUtilTests.swift */; };
		362DC315200C9F81009740F7 /* SwiftUtilUITests.swift in Sources */ = {isa = PBXBuildFile; fileRef = 362DC314200C9F81009740F7 /* SwiftUtilUITests.swift */; };
		B915D521122F28E7771002F6 /* Pods_SwiftUtil.framework in Frameworks */ = {isa = PBXBuildFile; fileRef = DC406B008BF2EDD9E269639C /* Pods_SwiftUtil.framework */; };
/* End PBXBuildFile section */

/* Begin PBXContainerItemProxy section */
		362DC306200C9F81009740F7 /* PBXContainerItemProxy */ = {
			isa = PBXContainerItemProxy;
			containerPortal = 362DC2E9200C9F7D009740F7 /* Project object */;
			proxyType = 1;
			remoteGlobalIDString = 362DC2F0200C9F7E009740F7;
			remoteInfo = SwiftUtil;
		};
		362DC311200C9F81009740F7 /* PBXContainerItemProxy */ = {
			isa = PBXContainerItemProxy;
			containerPortal = 362DC2E9200C9F7D009740F7 /* Project object */;
			proxyType = 1;
			remoteGlobalIDString = 362DC2F0200C9F7E009740F7;
			remoteInfo = SwiftUtil;
		};
/* End PBXContainerItemProxy section */

/* Begin PBXFileReference section */
		362DC2F1200C9F7E009740F7 /* SwiftUtil.app */ = {isa = PBXFileReference; explicitFileType = wrapper.application; includeInIndex = 0; path = SwiftUtil.app; sourceTree = BUILT_PRODUCTS_DIR; };
		362DC2F4200C9F7E009740F7 /* AppDelegate.swift */ = {isa = PBXFileReference; lastKnownFileType = sourcecode.swift; path = AppDelegate.swift; sourceTree = "<group>"; };
		362DC2F6200C9F7F009740F7 /* ViewController.swift */ = {isa = PBXFileReference; lastKnownFileType = sourcecode.swift; path = ViewController.swift; sourceTree = "<group>"; };
		362DC2F9200C9F7F009740F7 /* Base */ = {isa = PBXFileReference; lastKnownFileType = file.storyboard; name = Base; path = Base.lproj/Main.storyboard; sourceTree = "<group>"; };
		362DC2FB200C9F80009740F7 /* Assets.xcassets */ = {isa = PBXFileReference; lastKnownFileType = folder.assetcatalog; path = Assets.xcassets; sourceTree = "<group>"; };
		362DC2FE200C9F80009740F7 /* Base */ = {isa = PBXFileReference; lastKnownFileType = file.storyboard; name = Base; path = Base.lproj/LaunchScreen.storyboard; sourceTree = "<group>"; };
		362DC300200C9F80009740F7 /* Info.plist */ = {isa = PBXFileReference; lastKnownFileType = text.plist.xml; path = Info.plist; sourceTree = "<group>"; };
		362DC305200C9F81009740F7 /* SwiftUtilTests.xctest */ = {isa = PBXFileReference; explicitFileType = wrapper.cfbundle; includeInIndex = 0; path = SwiftUtilTests.xctest; sourceTree = BUILT_PRODUCTS_DIR; };
		362DC309200C9F81009740F7 /* SwiftUtilTests.swift */ = {isa = PBXFileReference; lastKnownFileType = sourcecode.swift; path = SwiftUtilTests.swift; sourceTree = "<group>"; };
		362DC30B200C9F81009740F7 /* Info.plist */ = {isa = PBXFileReference; lastKnownFileType = text.plist.xml; path = Info.plist; sourceTree = "<group>"; };
		362DC310200C9F81009740F7 /* SwiftUtilUITests.xctest */ = {isa = PBXFileReference; explicitFileType = wrapper.cfbundle; includeInIndex = 0; path = SwiftUtilUITests.xctest; sourceTree = BUILT_PRODUCTS_DIR; };
		362DC314200C9F81009740F7 /* SwiftUtilUITests.swift */ = {isa = PBXFileReference; lastKnownFileType = sourcecode.swift; path = SwiftUtilUITests.swift; sourceTree = "<group>"; };
		362DC316200C9F81009740F7 /* Info.plist */ = {isa = PBXFileReference; lastKnownFileType = text.plist.xml; path = Info.plist; sourceTree = "<group>"; };
		945286DDCB498A93BEF74DD4 /* Pods-SwiftUtil.release.xcconfig */ = {isa = PBXFileReference; includeInIndex = 1; lastKnownFileType = text.xcconfig; name = "Pods-SwiftUtil.release.xcconfig"; path = "Pods/Target Support Files/Pods-SwiftUtil/Pods-SwiftUtil.release.xcconfig"; sourceTree = "<group>"; };
		BF0D768CACF297F6303BBBAB /* Pods-SwiftUtil.debug.xcconfig */ = {isa = PBXFileReference; includeInIndex = 1; lastKnownFileType = text.xcconfig; name = "Pods-SwiftUtil.debug.xcconfig"; path = "Pods/Target Support Files/Pods-SwiftUtil/Pods-SwiftUtil.debug.xcconfig"; sourceTree = "<group>"; };
		DC406B008BF2EDD9E269639C /* Pods_SwiftUtil.framework */ = {isa = PBXFileReference; explicitFileType = wrapper.framework; includeInIndex = 0; path = Pods_SwiftUtil.framework; sourceTree = BUILT_PRODUCTS_DIR; };
/* End PBXFileReference section */

/* Begin PBXFrameworksBuildPhase section */
		362DC2EE200C9F7E009740F7 /* Frameworks */ = {
			isa = PBXFrameworksBuildPhase;
			buildActionMask = 2147483647;
			files = (
				B915D521122F28E7771002F6 /* Pods_SwiftUtil.framework in Frameworks */,
			);
			runOnlyForDeploymentPostprocessing = 0;
		};
		362DC302200C9F81009740F7 /* Frameworks */ = {
			isa = PBXFrameworksBuildPhase;
			buildActionMask = 2147483647;
			files = (
			);
			runOnlyForDeploymentPostprocessing = 0;
		};
		362DC30D200C9F81009740F7 /* Frameworks */ = {
			isa = PBXFrameworksBuildPhase;
			buildActionMask = 2147483647;
			files = (
			);
			runOnlyForDeploymentPostprocessing = 0;
		};
/* End PBXFrameworksBuildPhase section */

/* Begin PBXGroup section */
		150879514B7C8827CDDCE817 /* Frameworks */ = {
			isa = PBXGroup;
			children = (
				DC406B008BF2EDD9E269639C /* Pods_SwiftUtil.framework */,
			);
			name = Frameworks;
			sourceTree = "<group>";
		};
		362DC2E8200C9F7D009740F7 = {
			isa = PBXGroup;
			children = (
				362DC2F3200C9F7E009740F7 /* SwiftUtil */,
				362DC308200C9F81009740F7 /* SwiftUtilTests */,
				362DC313200C9F81009740F7 /* SwiftUtilUITests */,
				362DC2F2200C9F7E009740F7 /* Products */,
				EBC9D4B61B7A0FBCCD92CEBF /* Pods */,
				150879514B7C8827CDDCE817 /* Frameworks */,
			);
			sourceTree = "<group>";
		};
		362DC2F2200C9F7E009740F7 /* Products */ = {
			isa = PBXGroup;
			children = (
				362DC2F1200C9F7E009740F7 /* SwiftUtil.app */,
				362DC305200C9F81009740F7 /* SwiftUtilTests.xctest */,
				362DC310200C9F81009740F7 /* SwiftUtilUITests.xctest */,
			);
			name = Products;
			sourceTree = "<group>";
		};
		362DC2F3200C9F7E009740F7 /* SwiftUtil */ = {
			isa = PBXGroup;
			children = (
				362DC2F4200C9F7E009740F7 /* AppDelegate.swift */,
				362DC2F6200C9F7F009740F7 /* ViewController.swift */,
				362DC2F8200C9F7F009740F7 /* Main.storyboard */,
				362DC2FB200C9F80009740F7 /* Assets.xcassets */,
				362DC2FD200C9F80009740F7 /* LaunchScreen.storyboard */,
				362DC300200C9F80009740F7 /* Info.plist */,
			);
			path = SwiftUtil;
			sourceTree = "<group>";
		};
		362DC308200C9F81009740F7 /* SwiftUtilTests */ = {
			isa = PBXGroup;
			children = (
				362DC309200C9F81009740F7 /* SwiftUtilTests.swift */,
				362DC30B200C9F81009740F7 /* Info.plist */,
			);
			path = SwiftUtilTests;
			sourceTree = "<group>";
		};
		362DC313200C9F81009740F7 /* SwiftUtilUITests */ = {
			isa = PBXGroup;
			children = (
				362DC314200C9F81009740F7 /* SwiftUtilUITests.swift */,
				362DC316200C9F81009740F7 /* Info.plist */,
			);
			path = SwiftUtilUITests;
			sourceTree = "<group>";
		};
		EBC9D4B61B7A0FBCCD92CEBF /* Pods */ = {
			isa = PBXGroup;
			children = (
				BF0D768CACF297F6303BBBAB /* Pods-SwiftUtil.debug.xcconfig */,
				945286DDCB498A93BEF74DD4 /* Pods-SwiftUtil.release.xcconfig */,
			);
			name = Pods;
			sourceTree = "<group>";
		};
/* End PBXGroup section */

/* Begin PBXNativeTarget section */
		362DC2F0200C9F7E009740F7 /* SwiftUtil */ = {
			isa = PBXNativeTarget;
			buildConfigurationList = 362DC319200C9F81009740F7 /* Build configuration list for PBXNativeTarget "SwiftUtil" */;
			buildPhases = (
				D29679777C579A99596C1C40 /* [CP] Check Pods Manifest.lock */,
				362DC2ED200C9F7E009740F7 /* Sources */,
				362DC2EE200C9F7E009740F7 /* Frameworks */,
				362DC2EF200C9F7E009740F7 /* Resources */,
				638286349D63805D45B64716 /* [CP] Embed Pods Frameworks */,
				983E89BD498AEB7D40E43D25 /* [CP] Copy Pods Resources */,
			);
			buildRules = (
			);
			dependencies = (
			);
			name = SwiftUtil;
			productName = SwiftUtil;
			productReference = 362DC2F1200C9F7E009740F7 /* SwiftUtil.app */;
			productType = "com.apple.product-type.application";
		};
		362DC304200C9F81009740F7 /* SwiftUtilTests */ = {
			isa = PBXNativeTarget;
			buildConfigurationList = 362DC31C200C9F81009740F7 /* Build configuration list for PBXNativeTarget "SwiftUtilTests" */;
			buildPhases = (
				362DC301200C9F81009740F7 /* Sources */,
				362DC302200C9F81009740F7 /* Frameworks */,
				362DC303200C9F81009740F7 /* Resources */,
			);
			buildRules = (
			);
			dependencies = (
				362DC307200C9F81009740F7 /* PBXTargetDependency */,
			);
			name = SwiftUtilTests;
			productName = SwiftUtilTests;
			productReference = 362DC305200C9F81009740F7 /* SwiftUtilTests.xctest */;
			productType = "com.apple.product-type.bundle.unit-test";
		};
		362DC30F200C9F81009740F7 /* SwiftUtilUITests */ = {
			isa = PBXNativeTarget;
			buildConfigurationList = 362DC31F200C9F81009740F7 /* Build configuration list for PBXNativeTarget "SwiftUtilUITests" */;
			buildPhases = (
				362DC30C200C9F81009740F7 /* Sources */,
				362DC30D200C9F81009740F7 /* Frameworks */,
				362DC30E200C9F81009740F7 /* Resources */,
			);
			buildRules = (
			);
			dependencies = (
				362DC312200C9F81009740F7 /* PBXTargetDependency */,
			);
			name = SwiftUtilUITests;
			productName = SwiftUtilUITests;
			productReference = 362DC310200C9F81009740F7 /* SwiftUtilUITests.xctest */;
			productType = "com.apple.product-type.bundle.ui-testing";
		};
/* End PBXNativeTarget section */

/* Begin PBXProject section */
		362DC2E9200C9F7D009740F7 /* Project object */ = {
			isa = PBXProject;
			attributes = {
				LastSwiftUpdateCheck = 0920;
				LastUpgradeCheck = 0920;
				ORGANIZATIONNAME = mac;
				TargetAttributes = {
					362DC2F0200C9F7E009740F7 = {
						CreatedOnToolsVersion = 9.2;
						ProvisioningStyle = Automatic;
					};
					362DC304200C9F81009740F7 = {
						CreatedOnToolsVersion = 9.2;
						ProvisioningStyle = Automatic;
						TestTargetID = 362DC2F0200C9F7E009740F7;
					};
					362DC30F200C9F81009740F7 = {
						CreatedOnToolsVersion = 9.2;
						ProvisioningStyle = Automatic;
						TestTargetID = 362DC2F0200C9F7E009740F7;
					};
				};
			};
			buildConfigurationList = 362DC2EC200C9F7E009740F7 /* Build configuration list for PBXProject "SwiftUtil" */;
			compatibilityVersion = "Xcode 8.0";
			developmentRegion = en;
			hasScannedForEncodings = 0;
			knownRegions = (
				en,
				Base,
			);
			mainGroup = 362DC2E8200C9F7D009740F7;
			productRefGroup = 362DC2F2200C9F7E009740F7 /* Products */;
			projectDirPath = "";
			projectRoot = "";
			targets = (
				362DC2F0200C9F7E009740F7 /* SwiftUtil */,
				362DC304200C9F81009740F7 /* SwiftUtilTests */,
				362DC30F200C9F81009740F7 /* SwiftUtilUITests */,
			);
		};
/* End PBXProject section */

/* Begin PBXResourcesBuildPhase section */
		362DC2EF200C9F7E009740F7 /* Resources */ = {
			isa = PBXResourcesBuildPhase;
			buildActionMask = 2147483647;
			files = (
				362DC2FF200C9F80009740F7 /* LaunchScreen.storyboard in Resources */,
				362DC2FC200C9F80009740F7 /* Assets.xcassets in Resources */,
				362DC2FA200C9F7F009740F7 /* Main.storyboard in Resources */,
			);
			runOnlyForDeploymentPostprocessing = 0;
		};
		362DC303200C9F81009740F7 /* Resources */ = {
			isa = PBXResourcesBuildPhase;
			buildActionMask = 2147483647;
			files = (
			);
			runOnlyForDeploymentPostprocessing = 0;
		};
		362DC30E200C9F81009740F7 /* Resources */ = {
			isa = PBXResourcesBuildPhase;
			buildActionMask = 2147483647;
			files = (
			);
			runOnlyForDeploymentPostprocessing = 0;
		};
/* End PBXResourcesBuildPhase section */

/* Begin PBXShellScriptBuildPhase section */
		638286349D63805D45B64716 /* [CP] Embed Pods Frameworks */ = {
			isa = PBXShellScriptBuildPhase;
			buildActionMask = 2147483647;
			files = (
			);
			inputPaths = (
			);
			name = "[CP] Embed Pods Frameworks";
			outputPaths = (
			);
			runOnlyForDeploymentPostprocessing = 0;
			shellPath = /bin/sh;
			shellScript = "\"${SRCROOT}/Pods/Target Support Files/Pods-SwiftUtil/Pods-SwiftUtil-frameworks.sh\"\n";
			showEnvVarsInLog = 0;
		};
		983E89BD498AEB7D40E43D25 /* [CP] Copy Pods Resources */ = {
			isa = PBXShellScriptBuildPhase;
			buildActionMask = 2147483647;
			files = (
			);
			inputPaths = (
			);
			name = "[CP] Copy Pods Resources";
			outputPaths = (
			);
			runOnlyForDeploymentPostprocessing = 0;
			shellPath = /bin/sh;
			shellScript = "\"${SRCROOT}/Pods/Target Support Files/Pods-SwiftUtil/Pods-SwiftUtil-resources.sh\"\n";
			showEnvVarsInLog = 0;
		};
		D29679777C579A99596C1C40 /* [CP] Check Pods Manifest.lock */ = {
			isa = PBXShellScriptBuildPhase;
			buildActionMask = 2147483647;
			files = (
			);
			inputPaths = (
			);
			name = "[CP] Check Pods Manifest.lock";
			outputPaths = (
			);
			runOnlyForDeploymentPostprocessing = 0;
			shellPath = /bin/sh;
			shellScript = "diff \"${PODS_PODFILE_DIR_PATH}/Podfile.lock\" \"${PODS_ROOT}/Manifest.lock\" > /dev/null\nif [ $? != 0 ] ; then\n    # print error to STDERR\n    echo \"error: The sandbox is not in sync with the Podfile.lock. Run 'pod install' or update your CocoaPods installation.\" >&2\n    exit 1\nfi\n";
			showEnvVarsInLog = 0;
		};
/* End PBXShellScriptBuildPhase section */

/* Begin PBXSourcesBuildPhase section */
		362DC2ED200C9F7E009740F7 /* Sources */ = {
			isa = PBXSourcesBuildPhase;
			buildActionMask = 2147483647;
			files = (
				362DC2F7200C9F7F009740F7 /* ViewController.swift in Sources */,
				362DC2F5200C9F7E009740F7 /* AppDelegate.swift in Sources */,
			);
			runOnlyForDeploymentPostprocessing = 0;
		};
		362DC301200C9F81009740F7 /* Sources */ = {
			isa = PBXSourcesBuildPhase;
			buildActionMask = 2147483647;
			files = (
				362DC30A200C9F81009740F7 /* SwiftUtilTests.swift in Sources */,
			);
			runOnlyForDeploymentPostprocessing = 0;
		};
		362DC30C200C9F81009740F7 /* Sources */ = {
			isa = PBXSourcesBuildPhase;
			buildActionMask = 2147483647;
			files = (
				362DC315200C9F81009740F7 /* SwiftUtilUITests.swift in Sources */,
			);
			runOnlyForDeploymentPostprocessing = 0;
		};
/* End PBXSourcesBuildPhase section */

/* Begin PBXTargetDependency section */
		362DC307200C9F81009740F7 /* PBXTargetDependency */ = {
			isa = PBXTargetDependency;
			target = 362DC2F0200C9F7E009740F7 /* SwiftUtil */;
			targetProxy = 362DC306200C9F81009740F7 /* PBXContainerItemProxy */;
		};
		362DC312200C9F81009740F7 /* PBXTargetDependency */ = {
			isa = PBXTargetDependency;
			target = 362DC2F0200C9F7E009740F7 /* SwiftUtil */;
			targetProxy = 362DC311200C9F81009740F7 /* PBXContainerItemProxy */;
		};
/* End PBXTargetDependency section */

/* Begin PBXVariantGroup section */
		362DC2F8200C9F7F009740F7 /* Main.storyboard */ = {
			isa = PBXVariantGroup;
			children = (
				362DC2F9200C9F7F009740F7 /* Base */,
			);
			name = Main.storyboard;
			sourceTree = "<group>";
		};
		362DC2FD200C9F80009740F7 /* LaunchScreen.storyboard */ = {
			isa = PBXVariantGroup;
			children = (
				362DC2FE200C9F80009740F7 /* Base */,
			);
			name = LaunchScreen.storyboard;
			sourceTree = "<group>";
		};
/* End PBXVariantGroup section */

/* Begin XCBuildConfiguration section */
		362DC317200C9F81009740F7 /* Debug */ = {
			isa = XCBuildConfiguration;
			buildSettings = {
				ALWAYS_SEARCH_USER_PATHS = NO;
				CLANG_ANALYZER_NONNULL = YES;
				CLANG_ANALYZER_NUMBER_OBJECT_CONVERSION = YES_AGGRESSIVE;
				CLANG_CXX_LANGUAGE_STANDARD = "gnu++14";
				CLANG_CXX_LIBRARY = "libc++";
				CLANG_ENABLE_MODULES = YES;
				CLANG_ENABLE_OBJC_ARC = YES;
				CLANG_WARN_BLOCK_CAPTURE_AUTORELEASING = YES;
				CLANG_WARN_BOOL_CONVERSION = YES;
				CLANG_WARN_COMMA = YES;
				CLANG_WARN_CONSTANT_CONVERSION = YES;
				CLANG_WARN_DIRECT_OBJC_ISA_USAGE = YES_ERROR;
				CLANG_WARN_DOCUMENTATION_COMMENTS = YES;
				CLANG_WARN_EMPTY_BODY = YES;
				CLANG_WARN_ENUM_CONVERSION = YES;
				CLANG_WARN_INFINITE_RECURSION = YES;
				CLANG_WARN_INT_CONVERSION = YES;
				CLANG_WARN_NON_LITERAL_NULL_CONVERSION = YES;
				CLANG_WARN_OBJC_LITERAL_CONVERSION = YES;
				CLANG_WARN_OBJC_ROOT_CLASS = YES_ERROR;
				CLANG_WARN_RANGE_LOOP_ANALYSIS = YES;
				CLANG_WARN_STRICT_PROTOTYPES = YES;
				CLANG_WARN_SUSPICIOUS_MOVE = YES;
				CLANG_WARN_UNGUARDED_AVAILABILITY = YES_AGGRESSIVE;
				CLANG_WARN_UNREACHABLE_CODE = YES;
				CLANG_WARN__DUPLICATE_METHOD_MATCH = YES;
				CODE_SIGN_IDENTITY = "iPhone Developer";
				COPY_PHASE_STRIP = NO;
				DEBUG_INFORMATION_FORMAT = dwarf;
				ENABLE_STRICT_OBJC_MSGSEND = YES;
				ENABLE_TESTABILITY = YES;
				GCC_C_LANGUAGE_STANDARD = gnu11;
				GCC_DYNAMIC_NO_PIC = NO;
				GCC_NO_COMMON_BLOCKS = YES;
				GCC_OPTIMIZATION_LEVEL = 0;
				GCC_PREPROCESSOR_DEFINITIONS = (
					"DEBUG=1",
					"$(inherited)",
				);
				GCC_WARN_64_TO_32_BIT_CONVERSION = YES;
				GCC_WARN_ABOUT_RETURN_TYPE = YES_ERROR;
				GCC_WARN_UNDECLARED_SELECTOR = YES;
				GCC_WARN_UNINITIALIZED_AUTOS = YES_AGGRESSIVE;
				GCC_WARN_UNUSED_FUNCTION = YES;
				GCC_WARN_UNUSED_VARIABLE = YES;
				IPHONEOS_DEPLOYMENT_TARGET = 11.2;
				MTL_ENABLE_DEBUG_INFO = YES;
				ONLY_ACTIVE_ARCH = YES;
				SDKROOT = iphoneos;
				SWIFT_ACTIVE_COMPILATION_CONDITIONS = DEBUG;
				SWIFT_OPTIMIZATION_LEVEL = "-Onone";
			};
			name = Debug;
		};
		362DC318200C9F81009740F7 /* Release */ = {
			isa = XCBuildConfiguration;
			buildSettings = {
				ALWAYS_SEARCH_USER_PATHS = NO;
				CLANG_ANALYZER_NONNULL = YES;
				CLANG_ANALYZER_NUMBER_OBJECT_CONVERSION = YES_AGGRESSIVE;
				CLANG_CXX_LANGUAGE_STANDARD = "gnu++14";
				CLANG_CXX_LIBRARY = "libc++";
				CLANG_ENABLE_MODULES = YES;
				CLANG_ENABLE_OBJC_ARC = YES;
				CLANG_WARN_BLOCK_CAPTURE_AUTORELEASING = YES;
				CLANG_WARN_BOOL_CONVERSION = YES;
				CLANG_WARN_COMMA = YES;
				CLANG_WARN_CONSTANT_CONVERSION = YES;
				CLANG_WARN_DIRECT_OBJC_ISA_USAGE = YES_ERROR;
				CLANG_WARN_DOCUMENTATION_COMMENTS = YES;
				CLANG_WARN_EMPTY_BODY = YES;
				CLANG_WARN_ENUM_CONVERSION = YES;
				CLANG_WARN_INFINITE_RECURSION = YES;
				CLANG_WARN_INT_CONVERSION = YES;
				CLANG_WARN_NON_LITERAL_NULL_CONVERSION = YES;
				CLANG_WARN_OBJC_LITERAL_CONVERSION = YES;
				CLANG_WARN_OBJC_ROOT_CLASS = YES_ERROR;
				CLANG_WARN_RANGE_LOOP_ANALYSIS = YES;
				CLANG_WARN_STRICT_PROTOTYPES = YES;
				CLANG_WARN_SUSPICIOUS_MOVE = YES;
				CLANG_WARN_UNGUARDED_AVAILABILITY = YES_AGGRESSIVE;
				CLANG_WARN_UNREACHABLE_CODE = YES;
				CLANG_WARN__DUPLICATE_METHOD_MATCH = YES;
				CODE_SIGN_IDENTITY = "iPhone Developer";
				COPY_PHASE_STRIP = NO;
				DEBUG_INFORMATION_FORMAT = "dwarf-with-dsym";
				ENABLE_NS_ASSERTIONS = NO;
				ENABLE_STRICT_OBJC_MSGSEND = YES;
				GCC_C_LANGUAGE_STANDARD = gnu11;
				GCC_NO_COMMON_BLOCKS = YES;
				GCC_WARN_64_TO_32_BIT_CONVERSION = YES;
				GCC_WARN_ABOUT_RETURN_TYPE = YES_ERROR;
				GCC_WARN_UNDECLARED_SELECTOR = YES;
				GCC_WARN_UNINITIALIZED_AUTOS = YES_AGGRESSIVE;
				GCC_WARN_UNUSED_FUNCTION = YES;
				GCC_WARN_UNUSED_VARIABLE = YES;
				IPHONEOS_DEPLOYMENT_TARGET = 11.2;
				MTL_ENABLE_DEBUG_INFO = NO;
				SDKROOT = iphoneos;
				SWIFT_OPTIMIZATION_LEVEL = "-Owholemodule";
				VALIDATE_PRODUCT = YES;
			};
			name = Release;
		};
		362DC31A200C9F81009740F7 /* Debug */ = {
			isa = XCBuildConfiguration;
			baseConfigurationReference = BF0D768CACF297F6303BBBAB /* Pods-SwiftUtil.debug.xcconfig */;
			buildSettings = {
				ASSETCATALOG_COMPILER_APPICON_NAME = AppIcon;
				CODE_SIGN_STYLE = Automatic;
				DEVELOPMENT_TEAM = HR6HGC9SU2;
				INFOPLIST_FILE = SwiftUtil/Info.plist;
				IPHONEOS_DEPLOYMENT_TARGET = 8.0;
				LD_RUNPATH_SEARCH_PATHS = "$(inherited) @executable_path/Frameworks";
				PRODUCT_BUNDLE_IDENTIFIER = com.wb.swiftutil.SwiftUtil;
				PRODUCT_NAME = "$(TARGET_NAME)";
				SWIFT_VERSION = 4.0;
				TARGETED_DEVICE_FAMILY = 1;
			};
			name = Debug;
		};
		362DC31B200C9F81009740F7 /* Release */ = {
			isa = XCBuildConfiguration;
			baseConfigurationReference = 945286DDCB498A93BEF74DD4 /* Pods-SwiftUtil.release.xcconfig */;
			buildSettings = {
				ASSETCATALOG_COMPILER_APPICON_NAME = AppIcon;
				CODE_SIGN_STYLE = Automatic;
				DEVELOPMENT_TEAM = HR6HGC9SU2;
				INFOPLIST_FILE = SwiftUtil/Info.plist;
				IPHONEOS_DEPLOYMENT_TARGET = 8.0;
				LD_RUNPATH_SEARCH_PATHS = "$(inherited) @executable_path/Frameworks";
				PRODUCT_BUNDLE_IDENTIFIER = com.wb.swiftutil.SwiftUtil;
				PRODUCT_NAME = "$(TARGET_NAME)";
				SWIFT_VERSION = 4.0;
				TARGETED_DEVICE_FAMILY = 1;
			};
			name = Release;
		};
		362DC31D200C9F81009740F7 /* Debug */ = {
			isa = XCBuildConfiguration;
			buildSettings = {
				ALWAYS_EMBED_SWIFT_STANDARD_LIBRARIES = YES;
				BUNDLE_LOADER = "$(TEST_HOST)";
				CODE_SIGN_STYLE = Automatic;
				INFOPLIST_FILE = SwiftUtilTests/Info.plist;
				LD_RUNPATH_SEARCH_PATHS = "$(inherited) @executable_path/Frameworks @loader_path/Frameworks";
				PRODUCT_BUNDLE_IDENTIFIER = com.wb.swiftutil.SwiftUtilTests;
				PRODUCT_NAME = "$(TARGET_NAME)";
				SWIFT_VERSION = 4.0;
				TARGETED_DEVICE_FAMILY = "1,2";
				TEST_HOST = "$(BUILT_PRODUCTS_DIR)/SwiftUtil.app/SwiftUtil";
			};
			name = Debug;
		};
		362DC31E200C9F81009740F7 /* Release */ = {
			isa = XCBuildConfiguration;
			buildSettings = {
				ALWAYS_EMBED_SWIFT_STANDARD_LIBRARIES = YES;
				BUNDLE_LOADER = "$(TEST_HOST)";
				CODE_SIGN_STYLE = Automatic;
				INFOPLIST_FILE = SwiftUtilTests/Info.plist;
				LD_RUNPATH_SEARCH_PATHS = "$(inherited) @executable_path/Frameworks @loader_path/Frameworks";
				PRODUCT_BUNDLE_IDENTIFIER = com.wb.swiftutil.SwiftUtilTests;
				PRODUCT_NAME = "$(TARGET_NAME)";
				SWIFT_VERSION = 4.0;
				TARGETED_DEVICE_FAMILY = "1,2";
				TEST_HOST = "$(BUILT_PRODUCTS_DIR)/SwiftUtil.app/SwiftUtil";
			};
			name = Release;
		};
		362DC320200C9F81009740F7 /* Debug */ = {
			isa = XCBuildConfiguration;
			buildSettings = {
				ALWAYS_EMBED_SWIFT_STANDARD_LIBRARIES = YES;
				CODE_SIGN_STYLE = Automatic;
				INFOPLIST_FILE = SwiftUtilUITests/Info.plist;
				LD_RUNPATH_SEARCH_PATHS = "$(inherited) @executable_path/Frameworks @loader_path/Frameworks";
				PRODUCT_BUNDLE_IDENTIFIER = com.wb.swiftutil.SwiftUtilUITests;
				PRODUCT_NAME = "$(TARGET_NAME)";
				SWIFT_VERSION = 4.0;
				TARGETED_DEVICE_FAMILY = "1,2";
				TEST_TARGET_NAME = SwiftUtil;
			};
			name = Debug;
		};
		362DC321200C9F81009740F7 /* Release */ = {
			isa = XCBuildConfiguration;
			buildSettings = {
				ALWAYS_EMBED_SWIFT_STANDARD_LIBRARIES = YES;
				CODE_SIGN_STYLE = Automatic;
				INFOPLIST_FILE = SwiftUtilUITests/Info.plist;
				LD_RUNPATH_SEARCH_PATHS = "$(inherited) @executable_path/Frameworks @loader_path/Frameworks";
				PRODUCT_BUNDLE_IDENTIFIER = com.wb.swiftutil.SwiftUtilUITests;
				PRODUCT_NAME = "$(TARGET_NAME)";
				SWIFT_VERSION = 4.0;
				TARGETED_DEVICE_FAMILY = "1,2";
				TEST_TARGET_NAME = SwiftUtil;
			};
			name = Release;
		};
/* End XCBuildConfiguration section */

/* Begin XCConfigurationList section */
		362DC2EC200C9F7E009740F7 /* Build configuration list for PBXProject "SwiftUtil" */ = {
			isa = XCConfigurationList;
			buildConfigurations = (
				362DC317200C9F81009740F7 /* Debug */,
				362DC318200C9F81009740F7 /* Release */,
			);
			defaultConfigurationIsVisible = 0;
			defaultConfigurationName = Release;
		};
		362DC319200C9F81009740F7 /* Build configuration list for PBXNativeTarget "SwiftUtil" */ = {
			isa = XCConfigurationList;
			buildConfigurations = (
				362DC31A200C9F81009740F7 /* Debug */,
				362DC31B200C9F81009740F7 /* Release */,
			);
			defaultConfigurationIsVisible = 0;
			defaultConfigurationName = Release;
		};
		362DC31C200C9F81009740F7 /* Build configuration list for PBXNativeTarget "SwiftUtilTests" */ = {
			isa = XCConfigurationList;
			buildConfigurations = (
				362DC31D200C9F81009740F7 /* Debug */,
				362DC31E200C9F81009740F7 /* Release */,
			);
			defaultConfigurationIsVisible = 0;
			defaultConfigurationName = Release;
		};
		362DC31F200C9F81009740F7 /* Build configuration list for PBXNativeTarget "SwiftUtilUITests" */ = {
			isa = XCConfigurationList;
			buildConfigurations = (
				362DC320200C9F81009740F7 /* Debug */,
				362DC321200C9F81009740F7 /* Release */,
			);
			defaultConfigurationIsVisible = 0;
			defaultConfigurationName = Release;
		};
/* End XCConfigurationList section */
	};
	rootObject = 362DC2E9200C9F7D009740F7 /* Project object */;
}
